
Microsoft Visual Studio Solution File, Format Version 11.00
# Visual Studio 2010
Project("{FAE04EC0-301F-11D3-BF4B-00C04F79EFBC}") = "CuerosColombia", "CuerosColombia\CuerosColombia.csproj", "{AFBB88BC-8B92-4D70-B680-6D236196E460}"
EndProject
Project("{FAE04EC0-301F-11D3-BF4B-00C04F79EFBC}") = "Logica", "Logica\Logica.csproj", "{7142BB1D-3644-4D22-939C-48B4D3CAA33E}"
EndProject
Project("{FAE04EC0-301F-11D3-BF4B-00C04F79EFBC}") = "Datos", "Datos\Datos.csproj", "{127489E7-1477-4E72-BD3A-E644C34B707F}"
EndProject
Global
	GlobalSection(SolutionConfigurationPlatforms) = preSolution
		Debug|Any CPU = Debug|Any CPU
		Release|Any CPU = Release|Any CPU
	EndGlobalSection
	GlobalSection(ProjectConfigurationPlatforms) = postSolution
		{AFBB88BC-8B92-4D70-B680-6D236196E460}.Debug|Any CPU.ActiveCfg = Debug|Any CPU
		{AFBB88BC-8B92-4D70-B680-6D236196E460}.Debug|Any CPU.Build.0 = Debug|Any CPU
		{AFBB88BC-8B92-4D70-B680-6D236196E460}.Release|Any CPU.ActiveCfg = Release|Any CPU
		{AFBB88BC-8B92-4D70-B680-6D236196E460}.Release|Any CPU.Build.0 = Release|Any CPU
		{7142BB1D-3644-4D22-939C-48B4D3CAA33E}.Debug|Any CPU.ActiveCfg = Debug|Any CPU
		{7142BB1D-3644-4D22-939C-48B4D3CAA33E}.Debug|Any CPU.Build.0 = Debug|Any CPU
		{7142BB1D-3644-4D22-939C-48B4D3CAA33E}.Release|Any CPU.ActiveCfg = Release|Any CPU
		{7142BB1D-3644-4D22-939C-48B4D3CAA33E}.Release|Any CPU.Build.0 = Release|Any CPU
		{127489E7-1477-4E72-BD3A-E644C34B707F}.Debug|Any CPU.ActiveCfg = Debug|Any CPU
		{127489E7-1477-4E72-BD3A-E644C34B707F}.Debug|Any CPU.Build.0 = Debug|Any CPU
		{127489E7-1477-4E72-BD3A-E644C34B707F}.Release|Any CPU.ActiveCfg = Release|Any CPU
		{127489E7-1477-4E72-BD3A-E644C34B707F}.Release|Any CPU.Build.0 = Release|Any CPU
	EndGlobalSection
	GlobalSection(SolutionProperties) = preSolution
		HideSolutionNode = FALSE
	EndGlobalSection
EndGlobal
